<?xml version="1.0" encoding="UTF-8" standalone="yes" ?>
<CodeBlocks_project_file>
	<FileVersion major="1" minor="6" />
	<Project>
		<Option title="iplay" />
		<Option pch_mode="2" />
		<Option compiler="gcc" />
		<Build>
			<Target title="Debug">
				<Option output="bin/Debug/iplay" prefix_auto="1" extension_auto="1" />
				<Option object_output="obj/Debug/" />
				<Option type="1" />
				<Option compiler="gcc" />
				<Option parameters="kokia2.wav" />
				<Compiler>
					<Add option="-g" />
					<Add directory="../../opt/host/luajit/include/luajit-2.0" />
					<Add directory="../../opt/host/usr/include" />
				</Compiler>
				<Linker>
					<Add library="../../opt/host/usr/lib/libasound.so" />
					<Add library="../../opt/host/luajit/lib/libluajit-5.1.a" />
					<Add directory="../../opt/host/luajit/lib" />
				</Linker>
			</Target>
			<Target title="Release">
				<Option output="bin/Release/iplay" prefix_auto="1" extension_auto="1" />
				<Option object_output="obj/Release/" />
				<Option type="1" />
				<Option compiler="gcc" />
				<Compiler>
					<Add option="-O2" />
				</Compiler>
				<Linker>
					<Add option="-s" />
				</Linker>
			</Target>
		</Build>
		<Compiler>
			<Add option="-Wall" />
		</Compiler>
		<Unit filename="iplay.c">
			<Option compilerVar="CC" />
		</Unit>
		<Extensions>
			<code_completion />
			<debugger />
		</Extensions>
	</Project>
</CodeBlocks_project_file>
