// !$*UTF8*$!
{
	archiveVersion = 1;
	classes = {
	};
	objectVersion = 46;
	objects = {

/* Begin PBXAggregateTarget section */
		D8E340104D6B1DB0C505FDAB /* Qt Preprocess */ = {
			isa = PBXAggregateTarget;
			buildConfigurationList = 6CC3B5D2136C7CD6A5CF5A59 /* Build configuration list for PBXNativeTarget "eblib2" */;
			buildPhases = (
				5E618435888B9D49F8540165 /* Qt Qmake */,
				7EF0942E79C014DCEC8976BC /* Qt Preprocessors */,
			);
			dependencies = (
			);
			name = "Qt Preprocess";
			productName = "Qt Preprocess";
		};
/* End PBXAggregateTarget section */

/* Begin PBXBuildFile section */
		207CFD73985DB065A3FFF879 /* main.cpp in Compile Sources */ = {isa = PBXBuildFile; fileRef = 299D2E26A13E57818EF62244 /* main.cpp */; settings = {ATTRIBUTES = (); }; };
		373BB9B3B3796D119117B362 /* dummy.cpp in Compile Sources */ = {isa = PBXBuildFile; fileRef = 7670E02CF7C4108AC87DFB26 /* dummy.cpp */; settings = {ATTRIBUTES = (); }; };
		8771A8C96E9C391044035D99 /* OpenGL.framework in Link Binary With Libraries */ = {isa = PBXBuildFile; fileRef = D4B32C2222F82AC56BADEB21 /* OpenGL.framework */; };
		8D267F2E4776F0ECA2F49DC8 /* IOKit.framework in Link Binary With Libraries */ = {isa = PBXBuildFile; fileRef = A1A67BEAA744704B29168D39 /* IOKit.framework */; };
		93B07D706D51486D7A3F454C /* QtGui.framework in Link Binary With Libraries */ = {isa = PBXBuildFile; fileRef = 1EBBD843B58E552573AC9B0C /* QtGui.framework */; };
		97DC50FEBF98231D338EA5DE /* QtCore.framework in Link Binary With Libraries */ = {isa = PBXBuildFile; fileRef = 4EB9664FA113C9DBBA40D155 /* QtCore.framework */; };
		A99B2AA0F9CBBDD12BA126A4 /* DiskArbitration.framework in Link Binary With Libraries */ = {isa = PBXBuildFile; fileRef = 2B774D8E4178765CE52EAAF5 /* DiskArbitration.framework */; };
		B3FE8FAC746D3D5BB24FA398 /* Metal.framework in Link Binary With Libraries */ = {isa = PBXBuildFile; fileRef = 1B2543FCC48E9436F21C4F63 /* Metal.framework */; };
		E45E51A644D5FC9F942ECE55 /* AGL.framework in Link Binary With Libraries */ = {isa = PBXBuildFile; fileRef = 8D9815BDB5BD9F90D2BC05C5 /* AGL.framework */; };
		EFCEB1C124EBB576007995F2 /* libeb.16.dylib in Link Binary With Libraries */ = {isa = PBXBuildFile; fileRef = EFCEB1C024EBB576007995F2 /* libeb.16.dylib */; };
		F2A75ACAC9DF6A3F4E5711E7 /* AppKit.framework in Link Binary With Libraries */ = {isa = PBXBuildFile; fileRef = 723F90793B2C195E2CCB2233 /* AppKit.framework */; };
/* End PBXBuildFile section */

/* Begin PBXContainerItemProxy section */
		EFCEB1BF24EBAF90007995F2 /* PBXContainerItemProxy */ = {
			isa = PBXContainerItemProxy;
			containerPortal = 6DB9C3763D02B1415CD9D565 /* Project object */;
			proxyType = 1;
			remoteGlobalIDString = D8E340104D6B1DB0C505FDAB;
			remoteInfo = "Qt Preprocess";
		};
/* End PBXContainerItemProxy section */

/* Begin PBXCopyFilesBuildPhase section */
		99542592E9780B9225F24AA8 /* Embed Frameworks */ = {
			isa = PBXCopyFilesBuildPhase;
			buildActionMask = 2147483647;
			dstPath = "";
			dstSubfolderSpec = 10;
			files = (
			);
			name = "Embed Frameworks";
			runOnlyForDeploymentPostprocessing = 0;
		};
/* End PBXCopyFilesBuildPhase section */

/* Begin PBXFileReference section */
		1B2543FCC48E9436F21C4F63 /* Metal.framework */ = {isa = PBXFileReference; lastKnownFileType = wrapper.framework; name = Metal.framework; path = /System/Library/Frameworks/Metal.framework; sourceTree = "<absolute>"; };
		1EBBD843B58E552573AC9B0C /* QtGui.framework */ = {isa = PBXFileReference; lastKnownFileType = wrapper.framework; name = QtGui.framework; path = /Users/vvw/usr/local/Qt5.14.2/5.14.2/clang_64/lib/QtGui.framework; sourceTree = "<absolute>"; };
		299D2E26A13E57818EF62244 /* main.cpp */ = {isa = PBXFileReference; lastKnownFileType = sourcecode.cpp.cpp; name = main.cpp; path = /Users/vvw/Documents/github/doc/lang/programming/cpp/xcode/eblib2/main.cpp; sourceTree = "<absolute>"; };
		2B774D8E4178765CE52EAAF5 /* DiskArbitration.framework */ = {isa = PBXFileReference; lastKnownFileType = wrapper.framework; name = DiskArbitration.framework; path = /System/Library/Frameworks/DiskArbitration.framework; sourceTree = "<absolute>"; };
		4EB9664FA113C9DBBA40D155 /* QtCore.framework */ = {isa = PBXFileReference; lastKnownFileType = wrapper.framework; name = QtCore.framework; path = /Users/vvw/usr/local/Qt5.14.2/5.14.2/clang_64/lib/QtCore.framework; sourceTree = "<absolute>"; };
		59D40D34024B8E21573CBE26 /* eblib2.app */ = {isa = PBXFileReference; explicitFileType = wrapper.application; includeInIndex = 0; path = eblib2.app; sourceTree = BUILT_PRODUCTS_DIR; };
		723F90793B2C195E2CCB2233 /* AppKit.framework */ = {isa = PBXFileReference; lastKnownFileType = wrapper.framework; name = AppKit.framework; path = /System/Library/Frameworks/AppKit.framework; sourceTree = "<absolute>"; };
		7670E02CF7C4108AC87DFB26 /* dummy.cpp */ = {isa = PBXFileReference; lastKnownFileType = sourcecode.cpp.cpp; name = dummy.cpp; path = /Users/vvw/usr/local/Qt5.14.2/5.14.2/clang_64/mkspecs/features/data/dummy.cpp; sourceTree = "<absolute>"; };
		7D239A2C501D62A1D85789CC /* eblib2.pro */ = {isa = PBXFileReference; lastKnownFileType = text; name = eblib2.pro; path = /Users/vvw/Documents/github/doc/lang/programming/cpp/xcode/eblib2/eblib2.pro; sourceTree = "<absolute>"; };
		8D9815BDB5BD9F90D2BC05C5 /* AGL.framework */ = {isa = PBXFileReference; lastKnownFileType = wrapper.framework; name = AGL.framework; path = /System/Library/Frameworks/AGL.framework; sourceTree = "<absolute>"; };
		A1A67BEAA744704B29168D39 /* IOKit.framework */ = {isa = PBXFileReference; lastKnownFileType = wrapper.framework; name = IOKit.framework; path = /System/Library/Frameworks/IOKit.framework; sourceTree = "<absolute>"; };
		D4B32C2222F82AC56BADEB21 /* OpenGL.framework */ = {isa = PBXFileReference; lastKnownFileType = wrapper.framework; name = OpenGL.framework; path = /System/Library/Frameworks/OpenGL.framework; sourceTree = "<absolute>"; };
		EFCEB1C024EBB576007995F2 /* libeb.16.dylib */ = {isa = PBXFileReference; lastKnownFileType = "compiled.mach-o.dylib"; name = libeb.16.dylib; path = ../../../../../../../../../../usr/local/lib/libeb.16.dylib; sourceTree = "<group>"; };
		FEA5E09CDB0DC5EFAB57563D /* .qmake.stash */ = {isa = PBXFileReference; lastKnownFileType = text; name = .qmake.stash; path = /Users/vvw/Documents/github/doc/lang/programming/cpp/xcode/eblib2/.qmake.stash; sourceTree = "<absolute>"; };
/* End PBXFileReference section */

/* Begin PBXFrameworksBuildPhase section */
		D1C883685E82D5676953459A /* Link Binary With Libraries */ = {
			isa = PBXFrameworksBuildPhase;
			buildActionMask = 2147483647;
			files = (
				93B07D706D51486D7A3F454C /* QtGui.framework in Link Binary With Libraries */,
				F2A75ACAC9DF6A3F4E5711E7 /* AppKit.framework in Link Binary With Libraries */,
				B3FE8FAC746D3D5BB24FA398 /* Metal.framework in Link Binary With Libraries */,
				97DC50FEBF98231D338EA5DE /* QtCore.framework in Link Binary With Libraries */,
				A99B2AA0F9CBBDD12BA126A4 /* DiskArbitration.framework in Link Binary With Libraries */,
				8D267F2E4776F0ECA2F49DC8 /* IOKit.framework in Link Binary With Libraries */,
				8771A8C96E9C391044035D99 /* OpenGL.framework in Link Binary With Libraries */,
				E45E51A644D5FC9F942ECE55 /* AGL.framework in Link Binary With Libraries */,
				EFCEB1C124EBB576007995F2 /* libeb.16.dylib in Link Binary With Libraries */,
			);
			name = "Link Binary With Libraries";
			runOnlyForDeploymentPostprocessing = 0;
		};
/* End PBXFrameworksBuildPhase section */

/* Begin PBXGroup section */
		2EB56BE3C2D93CDAB0C52E67 /* Sources */ = {
			isa = PBXGroup;
			children = (
				299D2E26A13E57818EF62244 /* main.cpp */,
			);
			name = Sources;
			sourceTree = "<group>";
		};
		74B182DB50CB5611B5C1C297 /* Supporting Files */ = {
			isa = PBXGroup;
			children = (
				7D239A2C501D62A1D85789CC /* eblib2.pro */,
				FEA5E09CDB0DC5EFAB57563D /* .qmake.stash */,
			);
			name = "Supporting Files";
			sourceTree = "<group>";
		};
		AF39DD055C3EF8226FBE929D /* Frameworks */ = {
			isa = PBXGroup;
			children = (
				EFCEB1C024EBB576007995F2 /* libeb.16.dylib */,
				1EBBD843B58E552573AC9B0C /* QtGui.framework */,
				723F90793B2C195E2CCB2233 /* AppKit.framework */,
				1B2543FCC48E9436F21C4F63 /* Metal.framework */,
				4EB9664FA113C9DBBA40D155 /* QtCore.framework */,
				2B774D8E4178765CE52EAAF5 /* DiskArbitration.framework */,
				A1A67BEAA744704B29168D39 /* IOKit.framework */,
				D4B32C2222F82AC56BADEB21 /* OpenGL.framework */,
				8D9815BDB5BD9F90D2BC05C5 /* AGL.framework */,
			);
			name = Frameworks;
			sourceTree = "<group>";
		};
		B8254625CFD509ED2A24A166 /* Sources [moc_predefs] */ = {
			isa = PBXGroup;
			children = (
				7670E02CF7C4108AC87DFB26 /* dummy.cpp */,
			);
			name = "Sources [moc_predefs]";
			sourceTree = "<group>";
		};
		E8C543AB96796ECAA2E65C57 /* eblib2 */ = {
			isa = PBXGroup;
			children = (
				2EB56BE3C2D93CDAB0C52E67 /* Sources */,
				B8254625CFD509ED2A24A166 /* Sources [moc_predefs] */,
				74B182DB50CB5611B5C1C297 /* Supporting Files */,
				AF39DD055C3EF8226FBE929D /* Frameworks */,
				FE0A091FDBFB3E9C31B7A1BD /* Products */,
			);
			name = eblib2;
			sourceTree = "<group>";
		};
		FE0A091FDBFB3E9C31B7A1BD /* Products */ = {
			isa = PBXGroup;
			children = (
				59D40D34024B8E21573CBE26 /* eblib2.app */,
			);
			name = Products;
			sourceTree = "<group>";
		};
/* End PBXGroup section */

/* Begin PBXNativeTarget section */
		7A7BD9EDCEB48074E9BAC3D1 /* eblib2 */ = {
			isa = PBXNativeTarget;
			buildConfigurationList = 6CC3B5D2136C7CD6A5CF5A59 /* Build configuration list for PBXNativeTarget "eblib2" */;
			buildPhases = (
				F7E50F631C51CD5B5DC0BC43 /* Compile Sources */,
				D1C883685E82D5676953459A /* Link Binary With Libraries */,
				30414803F31797EB689AE508 /* Copy Bundle Resources */,
				99542592E9780B9225F24AA8 /* Embed Frameworks */,
			);
			buildRules = (
			);
			dependencies = (
				D2F0B7DBB68EB0773C4B8218 /* PBXTargetDependency */,
			);
			name = eblib2;
			productName = eblib2;
			productReference = 59D40D34024B8E21573CBE26 /* eblib2.app */;
			productType = "com.apple.product-type.application";
		};
/* End PBXNativeTarget section */

/* Begin PBXProject section */
		6DB9C3763D02B1415CD9D565 /* Project object */ = {
			isa = PBXProject;
			attributes = {
				TargetAttributes = {
					7A7BD9EDCEB48074E9BAC3D1 = {
						DevelopmentTeam = T4JB7Y657U;
					};
					D8E340104D6B1DB0C505FDAB = {
						DevelopmentTeam = T4JB7Y657U;
					};
				};
			};
			buildConfigurationList = DAC4C1AA5EDEA1C85E9CA5E6 /* Build configuration list for PBXProject "eblib2" */;
			compatibilityVersion = "Xcode 3.2";
			developmentRegion = en;
			hasScannedForEncodings = 1;
			knownRegions = (
				en,
				Base,
			);
			mainGroup = E8C543AB96796ECAA2E65C57 /* eblib2 */;
			productRefGroup = FE0A091FDBFB3E9C31B7A1BD /* Products */;
			projectDirPath = "";
			projectRoot = "";
			targets = (
				7A7BD9EDCEB48074E9BAC3D1 /* eblib2 */,
				D8E340104D6B1DB0C505FDAB /* Qt Preprocess */,
			);
		};
/* End PBXProject section */

/* Begin PBXResourcesBuildPhase section */
		30414803F31797EB689AE508 /* Copy Bundle Resources */ = {
			isa = PBXResourcesBuildPhase;
			buildActionMask = 2147483647;
			files = (
			);
			name = "Copy Bundle Resources";
			runOnlyForDeploymentPostprocessing = 0;
		};
/* End PBXResourcesBuildPhase section */

/* Begin PBXShellScriptBuildPhase section */
		5E618435888B9D49F8540165 /* Qt Qmake */ = {
			isa = PBXShellScriptBuildPhase;
			buildActionMask = 2147483647;
			files = (
			);
			name = "Qt Qmake";
			runOnlyForDeploymentPostprocessing = 0;
			shellPath = /bin/sh;
			shellScript = "make -C /Users/vvw/Documents/github/doc/lang/programming/cpp/xcode/eblib2 -f eblib2.xcodeproj/qt_makeqmake.mak";
			showEnvVarsInLog = 0;
		};
		7EF0942E79C014DCEC8976BC /* Qt Preprocessors */ = {
			isa = PBXShellScriptBuildPhase;
			buildActionMask = 2147483647;
			files = (
			);
			name = "Qt Preprocessors";
			runOnlyForDeploymentPostprocessing = 0;
			shellPath = /bin/sh;
			shellScript = "make -C /Users/vvw/Documents/github/doc/lang/programming/cpp/xcode/eblib2 -f eblib2.xcodeproj/qt_preprocess.mak";
			showEnvVarsInLog = 0;
		};
/* End PBXShellScriptBuildPhase section */

/* Begin PBXSourcesBuildPhase section */
		F7E50F631C51CD5B5DC0BC43 /* Compile Sources */ = {
			isa = PBXSourcesBuildPhase;
			buildActionMask = 2147483647;
			files = (
				207CFD73985DB065A3FFF879 /* main.cpp in Compile Sources */,
				373BB9B3B3796D119117B362 /* dummy.cpp in Compile Sources */,
			);
			name = "Compile Sources";
			runOnlyForDeploymentPostprocessing = 0;
		};
/* End PBXSourcesBuildPhase section */

/* Begin PBXTargetDependency section */
		D2F0B7DBB68EB0773C4B8218 /* PBXTargetDependency */ = {
			isa = PBXTargetDependency;
			target = D8E340104D6B1DB0C505FDAB /* Qt Preprocess */;
			targetProxy = EFCEB1BF24EBAF90007995F2 /* PBXContainerItemProxy */;
		};
/* End PBXTargetDependency section */

/* Begin XCBuildConfiguration section */
		339EE1B2CC4FC24589A0EA95 /* Release */ = {
			isa = XCBuildConfiguration;
			buildSettings = {
				APPLICATION_EXTENSION_API_ONLY = NO;
				ARCHS = x86_64;
				"ARCHS[sdk=macosx*]" = x86_64;
				CC = /Applications/Xcode.app/Contents/Developer/Toolchains/XcodeDefault.xctoolchain/usr/bin/clang;
				CONFIGURATION_BUILD_DIR = "$(PROJECT_DIR)/$(CONFIGURATION)$(EFFECTIVE_PLATFORM_NAME)";
				COPY_PHASE_STRIP = NO;
				DEVELOPMENT_TEAM = T4JB7Y657U;
				DYLIB_COMPATIBILITY_VERSION = 1.0;
				DYLIB_CURRENT_VERSION = 1.0.0;
				ENABLE_BITCODE = NO;
				FRAMEWORK_SEARCH_PATHS = (
					/Users/vvw/usr/local/Qt5.14.2/5.14.2/clang_64/lib,
					/Users/vvw/usr/local/Qt5.14.2/5.14.2/clang_64/lib,
				);
				GCC_DYNAMIC_NO_PIC = NO;
				GCC_GENERATE_TEST_COVERAGE_FILES = NO;
				GCC_OPTIMIZATION_LEVEL = 0;
				GCC_VERSION = com.apple.compilers.llvm.clang.1_0;
				HEADER_SEARCH_PATHS = (
					.,
					/Users/vvw/usr/local/Qt5.14.2/5.14.2/clang_64/lib/QtGui.framework/Headers,
					/Users/vvw/usr/local/Qt5.14.2/5.14.2/clang_64/lib/QtCore.framework/Headers,
					.,
					/Applications/Xcode.app/Contents/Developer/Platforms/MacOSX.platform/Developer/SDKs/MacOSX10.15.sdk/System/Library/Frameworks/OpenGL.framework/Headers,
					/Applications/Xcode.app/Contents/Developer/Platforms/MacOSX.platform/Developer/SDKs/MacOSX10.15.sdk/System/Library/Frameworks/AGL.framework/Headers,
					"/Users/vvw/usr/local/Qt5.14.2/5.14.2/clang_64/mkspecs/macx-clang",
					/usr/local/include,
				);
				INFOPLIST_FILE = Info.plist;
				LDPLUSPLUS = "/Applications/Xcode.app/Contents/Developer/Toolchains/XcodeDefault.xctoolchain/usr/bin/clang++";
				LIBRARY_SEARCH_PATHS = (
					/Users/vvw/usr/local/Qt5.14.2/5.14.2/clang_64/lib,
					/System/Library/Frameworks/,
					/usr/local/lib,
				);
				MACOSX_DEPLOYMENT_TARGET = 10.13;
				OTHER_CFLAGS = (
					"-pipe",
					"-O0",
					"-Wall",
					"-Wextra",
					"-fPIC",
					"-DQT_GUI_LIB",
					"-DQT_CORE_LIB",
				);
				OTHER_CPLUSPLUSFLAGS = (
					"-pipe",
					"-stdlib=libc++",
					"-O0",
					"-std=gnu++11",
					"-Wall",
					"-Wextra",
					"-fPIC",
					"-DQT_GUI_LIB",
					"-DQT_CORE_LIB",
				);
				OTHER_LDFLAGS = (
					"-stdlib=libc++",
					"-headerpad_max_install_names",
					"-Wl,-rpath,@executable_path/../Frameworks",
					"-Wl,-rpath,/Users/vvw/usr/local/Qt5.14.2/5.14.2/clang_64/lib",
					"-F/Users/vvw/usr/local/Qt5.14.2/5.14.2/clang_64/lib",
				);
				PRODUCT_BUNDLE_IDENTIFIER = "com.echodict.${PRODUCT_NAME:rfc1034identifier}";
				PRODUCT_NAME = eblib2;
				QMAKE_FULL_VERSION = 1.0.0;
				QMAKE_PKGINFO_TYPEINFO = "????";
				QMAKE_SHORT_VERSION = 1.0;
				QT_LIBRARY_SUFFIX = "";
				SDKROOT = macosx;
				SYMROOT = .xcode;
			};
			name = Release;
		};
		3AA6C32AC930069E80220CF1 /* Debug */ = {
			isa = XCBuildConfiguration;
			buildSettings = {
				APPLICATION_EXTENSION_API_ONLY = NO;
				ARCHS = x86_64;
				"ARCHS[sdk=macosx*]" = x86_64;
				CC = /Applications/Xcode.app/Contents/Developer/Toolchains/XcodeDefault.xctoolchain/usr/bin/clang;
				CONFIGURATION_BUILD_DIR = "$(PROJECT_DIR)/$(CONFIGURATION)$(EFFECTIVE_PLATFORM_NAME)";
				COPY_PHASE_STRIP = NO;
				DEVELOPMENT_TEAM = T4JB7Y657U;
				DYLIB_COMPATIBILITY_VERSION = 1.0;
				DYLIB_CURRENT_VERSION = 1.0.0;
				ENABLE_BITCODE = NO;
				FRAMEWORK_SEARCH_PATHS = (
					/Users/vvw/usr/local/Qt5.14.2/5.14.2/clang_64/lib,
					/Users/vvw/usr/local/Qt5.14.2/5.14.2/clang_64/lib,
				);
				GCC_DYNAMIC_NO_PIC = NO;
				GCC_GENERATE_TEST_COVERAGE_FILES = NO;
				GCC_OPTIMIZATION_LEVEL = 0;
				GCC_VERSION = com.apple.compilers.llvm.clang.1_0;
				HEADER_SEARCH_PATHS = (
					.,
					/Users/vvw/usr/local/Qt5.14.2/5.14.2/clang_64/lib/QtGui.framework/Headers,
					/Users/vvw/usr/local/Qt5.14.2/5.14.2/clang_64/lib/QtCore.framework/Headers,
					.,
					/Applications/Xcode.app/Contents/Developer/Platforms/MacOSX.platform/Developer/SDKs/MacOSX10.15.sdk/System/Library/Frameworks/OpenGL.framework/Headers,
					/Applications/Xcode.app/Contents/Developer/Platforms/MacOSX.platform/Developer/SDKs/MacOSX10.15.sdk/System/Library/Frameworks/AGL.framework/Headers,
					"/Users/vvw/usr/local/Qt5.14.2/5.14.2/clang_64/mkspecs/macx-clang",
					/usr/local/include,
				);
				INFOPLIST_FILE = Info.plist;
				LDPLUSPLUS = "/Applications/Xcode.app/Contents/Developer/Toolchains/XcodeDefault.xctoolchain/usr/bin/clang++";
				LIBRARY_SEARCH_PATHS = (
					/Users/vvw/usr/local/Qt5.14.2/5.14.2/clang_64/lib,
					/System/Library/Frameworks/,
					/usr/local/lib,
				);
				MACOSX_DEPLOYMENT_TARGET = 10.13;
				ONLY_ACTIVE_ARCH = YES;
				OTHER_CFLAGS = (
					"-pipe",
					"-O0",
					"-Wall",
					"-Wextra",
					"-fPIC",
					"-DQT_GUI_LIB",
					"-DQT_CORE_LIB",
				);
				OTHER_CPLUSPLUSFLAGS = (
					"-pipe",
					"-stdlib=libc++",
					"-O0",
					"-std=gnu++11",
					"-Wall",
					"-Wextra",
					"-fPIC",
					"-DQT_GUI_LIB",
					"-DQT_CORE_LIB",
				);
				OTHER_LDFLAGS = (
					"-stdlib=libc++",
					"-headerpad_max_install_names",
					"-Wl,-rpath,@executable_path/../Frameworks",
					"-Wl,-rpath,/Users/vvw/usr/local/Qt5.14.2/5.14.2/clang_64/lib",
					"-F/Users/vvw/usr/local/Qt5.14.2/5.14.2/clang_64/lib",
				);
				PRODUCT_BUNDLE_IDENTIFIER = "com.echodict.${PRODUCT_NAME:rfc1034identifier}";
				PRODUCT_NAME = eblib2;
				QMAKE_FULL_VERSION = 1.0.0;
				QMAKE_PKGINFO_TYPEINFO = "????";
				QMAKE_SHORT_VERSION = 1.0;
				QT_LIBRARY_SUFFIX = "";
				SDKROOT = macosx;
				SYMROOT = .xcode;
			};
			name = Debug;
		};
		6666AA5E688052234F6758D8 /* Release */ = {
			isa = XCBuildConfiguration;
			buildSettings = {
				APPLICATION_EXTENSION_API_ONLY = NO;
				"ARCHS[sdk=macosx*]" = x86_64;
				COPY_PHASE_STRIP = NO;
				DEVELOPMENT_TEAM = T4JB7Y657U;
				ENABLE_BITCODE = NO;
				HEADER_SEARCH_PATHS = (
					.,
					/Users/vvw/usr/local/Qt5.14.2/5.14.2/clang_64/lib/QtGui.framework/Headers,
					/Users/vvw/usr/local/Qt5.14.2/5.14.2/clang_64/lib/QtCore.framework/Headers,
					.,
					/Applications/Xcode.app/Contents/Developer/Platforms/MacOSX.platform/Developer/SDKs/MacOSX10.15.sdk/System/Library/Frameworks/OpenGL.framework/Headers,
					/Applications/Xcode.app/Contents/Developer/Platforms/MacOSX.platform/Developer/SDKs/MacOSX10.15.sdk/System/Library/Frameworks/AGL.framework/Headers,
					"/Users/vvw/usr/local/Qt5.14.2/5.14.2/clang_64/mkspecs/macx-clang",
					/usr/local/include,
				);
				LIBRARY_SEARCH_PATHS = (
					/Users/vvw/usr/local/Qt5.14.2/5.14.2/clang_64/lib,
					/System/Library/Frameworks/,
					/usr/local/lib,
				);
				PRODUCT_BUNDLE_IDENTIFIER = "com.echodict.${PRODUCT_NAME:rfc1034identifier}";
				PRODUCT_NAME = eblib2;
				QMAKE_FULL_VERSION = 1.0.0;
				QMAKE_PKGINFO_TYPEINFO = "????";
				QMAKE_SHORT_VERSION = 1.0;
				QT_LIBRARY_SUFFIX = "";
				SDKROOT = macosx;
			};
			name = Release;
		};
		77418F46922677BB04ED38DD /* Debug */ = {
			isa = XCBuildConfiguration;
			buildSettings = {
				APPLICATION_EXTENSION_API_ONLY = NO;
				"ARCHS[sdk=macosx*]" = x86_64;
				COPY_PHASE_STRIP = NO;
				DEVELOPMENT_TEAM = T4JB7Y657U;
				ENABLE_BITCODE = NO;
				GCC_OPTIMIZATION_LEVEL = 0;
				HEADER_SEARCH_PATHS = (
					.,
					/Users/vvw/usr/local/Qt5.14.2/5.14.2/clang_64/lib/QtGui.framework/Headers,
					/Users/vvw/usr/local/Qt5.14.2/5.14.2/clang_64/lib/QtCore.framework/Headers,
					.,
					/Applications/Xcode.app/Contents/Developer/Platforms/MacOSX.platform/Developer/SDKs/MacOSX10.15.sdk/System/Library/Frameworks/OpenGL.framework/Headers,
					/Applications/Xcode.app/Contents/Developer/Platforms/MacOSX.platform/Developer/SDKs/MacOSX10.15.sdk/System/Library/Frameworks/AGL.framework/Headers,
					"/Users/vvw/usr/local/Qt5.14.2/5.14.2/clang_64/mkspecs/macx-clang",
					/usr/local/include,
				);
				LIBRARY_SEARCH_PATHS = (
					/Users/vvw/usr/local/Qt5.14.2/5.14.2/clang_64/lib,
					/System/Library/Frameworks/,
					/usr/local/lib,
				);
				ONLY_ACTIVE_ARCH = YES;
				PRODUCT_BUNDLE_IDENTIFIER = "com.echodict.${PRODUCT_NAME:rfc1034identifier}";
				PRODUCT_NAME = eblib2;
				QMAKE_FULL_VERSION = 1.0.0;
				QMAKE_PKGINFO_TYPEINFO = "????";
				QMAKE_SHORT_VERSION = 1.0;
				QT_LIBRARY_SUFFIX = "";
				SDKROOT = macosx;
			};
			name = Debug;
		};
/* End XCBuildConfiguration section */

/* Begin XCConfigurationList section */
		6CC3B5D2136C7CD6A5CF5A59 /* Build configuration list for PBXNativeTarget "eblib2" */ = {
			isa = XCConfigurationList;
			buildConfigurations = (
				77418F46922677BB04ED38DD /* Debug */,
				6666AA5E688052234F6758D8 /* Release */,
			);
			defaultConfigurationIsVisible = 0;
			defaultConfigurationName = Release;
		};
		DAC4C1AA5EDEA1C85E9CA5E6 /* Build configuration list for PBXProject "eblib2" */ = {
			isa = XCConfigurationList;
			buildConfigurations = (
				3AA6C32AC930069E80220CF1 /* Debug */,
				339EE1B2CC4FC24589A0EA95 /* Release */,
			);
			defaultConfigurationIsVisible = 0;
			defaultConfigurationName = Release;
		};
/* End XCConfigurationList section */
	};
	rootObject = 6DB9C3763D02B1415CD9D565 /* Project object */;
}
