// !$*UTF8*$!
{
	archiveVersion = 1;
	classes = {
	};
	objectVersion = 50;
	objects = {

/* Begin PBXBuildFile section */
		EF1F0EC8259CAEF4001DB2C9 /* AppDelegate.swift in Sources */ = {isa = PBXBuildFile; fileRef = EF1F0EC7259CAEF4001DB2C9 /* AppDelegate.swift */; };
		EF1F0ECA259CAEF4001DB2C9 /* SceneDelegate.swift in Sources */ = {isa = PBXBuildFile; fileRef = EF1F0EC9259CAEF4001DB2C9 /* SceneDelegate.swift */; };
		EF1F0ECC259CAEF4001DB2C9 /* EmojiGameView.swift in Sources */ = {isa = PBXBuildFile; fileRef = EF1F0ECB259CAEF4001DB2C9 /* EmojiGameView.swift */; };
		EF1F0ECE259CAEFC001DB2C9 /* Assets.xcassets in Resources */ = {isa = PBXBuildFile; fileRef = EF1F0ECD259CAEFC001DB2C9 /* Assets.xcassets */; };
		EF1F0ED1259CAEFC001DB2C9 /* Preview Assets.xcassets in Resources */ = {isa = PBXBuildFile; fileRef = EF1F0ED0259CAEFC001DB2C9 /* Preview Assets.xcassets */; };
		EF1F0ED4259CAEFC001DB2C9 /* LaunchScreen.storyboard in Resources */ = {isa = PBXBuildFile; fileRef = EF1F0ED2259CAEFC001DB2C9 /* LaunchScreen.storyboard */; };
		EFBFA97425A9F29E007A54C5 /* MemoryGame.swift in Sources */ = {isa = PBXBuildFile; fileRef = EFBFA97325A9F29E007A54C5 /* MemoryGame.swift */; };
		EFBFA97625A9F47B007A54C5 /* EmojiMemoryGame.swift in Sources */ = {isa = PBXBuildFile; fileRef = EFBFA97525A9F47B007A54C5 /* EmojiMemoryGame.swift */; };
/* End PBXBuildFile section */

/* Begin PBXFileReference section */
		EF1F0EC4259CAEF4001DB2C9 /* Memorize.app */ = {isa = PBXFileReference; explicitFileType = wrapper.application; includeInIndex = 0; path = Memorize.app; sourceTree = BUILT_PRODUCTS_DIR; };
		EF1F0EC7259CAEF4001DB2C9 /* AppDelegate.swift */ = {isa = PBXFileReference; lastKnownFileType = sourcecode.swift; path = AppDelegate.swift; sourceTree = "<group>"; };
		EF1F0EC9259CAEF4001DB2C9 /* SceneDelegate.swift */ = {isa = PBXFileReference; lastKnownFileType = sourcecode.swift; path = SceneDelegate.swift; sourceTree = "<group>"; };
		EF1F0ECB259CAEF4001DB2C9 /* EmojiGameView.swift */ = {isa = PBXFileReference; lastKnownFileType = sourcecode.swift; path = EmojiGameView.swift; sourceTree = "<group>"; };
		EF1F0ECD259CAEFC001DB2C9 /* Assets.xcassets */ = {isa = PBXFileReference; lastKnownFileType = folder.assetcatalog; path = Assets.xcassets; sourceTree = "<group>"; };
		EF1F0ED0259CAEFC001DB2C9 /* Preview Assets.xcassets */ = {isa = PBXFileReference; lastKnownFileType = folder.assetcatalog; path = "Preview Assets.xcassets"; sourceTree = "<group>"; };
		EF1F0ED3259CAEFC001DB2C9 /* Base */ = {isa = PBXFileReference; lastKnownFileType = file.storyboard; name = Base; path = Base.lproj/LaunchScreen.storyboard; sourceTree = "<group>"; };
		EF1F0ED5259CAEFC001DB2C9 /* Info.plist */ = {isa = PBXFileReference; lastKnownFileType = text.plist.xml; path = Info.plist; sourceTree = "<group>"; };
		EFBFA97325A9F29E007A54C5 /* MemoryGame.swift */ = {isa = PBXFileReference; lastKnownFileType = sourcecode.swift; path = MemoryGame.swift; sourceTree = "<group>"; };
		EFBFA97525A9F47B007A54C5 /* EmojiMemoryGame.swift */ = {isa = PBXFileReference; lastKnownFileType = sourcecode.swift; path = EmojiMemoryGame.swift; sourceTree = "<group>"; };
/* End PBXFileReference section */

/* Begin PBXFrameworksBuildPhase section */
		EF1F0EC1259CAEF4001DB2C9 /* Frameworks */ = {
			isa = PBXFrameworksBuildPhase;
			buildActionMask = 2147483647;
			files = (
			);
			runOnlyForDeploymentPostprocessing = 0;
		};
/* End PBXFrameworksBuildPhase section */

/* Begin PBXGroup section */
		EF1F0EBB259CAEF4001DB2C9 = {
			isa = PBXGroup;
			children = (
				EF1F0EC6259CAEF4001DB2C9 /* Memorize */,
				EF1F0EC5259CAEF4001DB2C9 /* Products */,
			);
			sourceTree = "<group>";
		};
		EF1F0EC5259CAEF4001DB2C9 /* Products */ = {
			isa = PBXGroup;
			children = (
				EF1F0EC4259CAEF4001DB2C9 /* Memorize.app */,
			);
			name = Products;
			sourceTree = "<group>";
		};
		EF1F0EC6259CAEF4001DB2C9 /* Memorize */ = {
			isa = PBXGroup;
			children = (
				EF1F0EC7259CAEF4001DB2C9 /* AppDelegate.swift */,
				EF1F0EC9259CAEF4001DB2C9 /* SceneDelegate.swift */,
				EF1F0ECB259CAEF4001DB2C9 /* EmojiGameView.swift */,
				EFBFA97525A9F47B007A54C5 /* EmojiMemoryGame.swift */,
				EFBFA97325A9F29E007A54C5 /* MemoryGame.swift */,
				EF1F0ECD259CAEFC001DB2C9 /* Assets.xcassets */,
				EF1F0ED2259CAEFC001DB2C9 /* LaunchScreen.storyboard */,
				EF1F0ED5259CAEFC001DB2C9 /* Info.plist */,
				EF1F0ECF259CAEFC001DB2C9 /* Preview Content */,
			);
			path = Memorize;
			sourceTree = "<group>";
		};
		EF1F0ECF259CAEFC001DB2C9 /* Preview Content */ = {
			isa = PBXGroup;
			children = (
				EF1F0ED0259CAEFC001DB2C9 /* Preview Assets.xcassets */,
			);
			path = "Preview Content";
			sourceTree = "<group>";
		};
/* End PBXGroup section */

/* Begin PBXNativeTarget section */
		EF1F0EC3259CAEF4001DB2C9 /* Memorize */ = {
			isa = PBXNativeTarget;
			buildConfigurationList = EF1F0ED8259CAEFC001DB2C9 /* Build configuration list for PBXNativeTarget "Memorize" */;
			buildPhases = (
				EF1F0EC0259CAEF4001DB2C9 /* Sources */,
				EF1F0EC1259CAEF4001DB2C9 /* Frameworks */,
				EF1F0EC2259CAEF4001DB2C9 /* Resources */,
			);
			buildRules = (
			);
			dependencies = (
			);
			name = Memorize;
			productName = Memorize;
			productReference = EF1F0EC4259CAEF4001DB2C9 /* Memorize.app */;
			productType = "com.apple.product-type.application";
		};
/* End PBXNativeTarget section */

/* Begin PBXProject section */
		EF1F0EBC259CAEF4001DB2C9 /* Project object */ = {
			isa = PBXProject;
			attributes = {
				LastSwiftUpdateCheck = 1150;
				LastUpgradeCheck = 1150;
				ORGANIZATIONNAME = v;
				TargetAttributes = {
					EF1F0EC3259CAEF4001DB2C9 = {
						CreatedOnToolsVersion = 11.5;
					};
				};
			};
			buildConfigurationList = EF1F0EBF259CAEF4001DB2C9 /* Build configuration list for PBXProject "Memorize" */;
			compatibilityVersion = "Xcode 9.3";
			developmentRegion = en;
			hasScannedForEncodings = 0;
			knownRegions = (
				en,
				Base,
			);
			mainGroup = EF1F0EBB259CAEF4001DB2C9;
			productRefGroup = EF1F0EC5259CAEF4001DB2C9 /* Products */;
			projectDirPath = "";
			projectRoot = "";
			targets = (
				EF1F0EC3259CAEF4001DB2C9 /* Memorize */,
			);
		};
/* End PBXProject section */

/* Begin PBXResourcesBuildPhase section */
		EF1F0EC2259CAEF4001DB2C9 /* Resources */ = {
			isa = PBXResourcesBuildPhase;
			buildActionMask = 2147483647;
			files = (
				EF1F0ED4259CAEFC001DB2C9 /* LaunchScreen.storyboard in Resources */,
				EF1F0ED1259CAEFC001DB2C9 /* Preview Assets.xcassets in Resources */,
				EF1F0ECE259CAEFC001DB2C9 /* Assets.xcassets in Resources */,
			);
			runOnlyForDeploymentPostprocessing = 0;
		};
/* End PBXResourcesBuildPhase section */

/* Begin PBXSourcesBuildPhase section */
		EF1F0EC0259CAEF4001DB2C9 /* Sources */ = {
			isa = PBXSourcesBuildPhase;
			buildActionMask = 2147483647;
			files = (
				EF1F0EC8259CAEF4001DB2C9 /* AppDelegate.swift in Sources */,
				EF1F0ECA259CAEF4001DB2C9 /* SceneDelegate.swift in Sources */,
				EFBFA97425A9F29E007A54C5 /* MemoryGame.swift in Sources */,
				EF1F0ECC259CAEF4001DB2C9 /* EmojiGameView.swift in Sources */,
				EFBFA97625A9F47B007A54C5 /* EmojiMemoryGame.swift in Sources */,
			);
			runOnlyForDeploymentPostprocessing = 0;
		};
/* End PBXSourcesBuildPhase section */

/* Begin PBXVariantGroup section */
		EF1F0ED2259CAEFC001DB2C9 /* LaunchScreen.storyboard */ = {
			isa = PBXVariantGroup;
			children = (
				EF1F0ED3259CAEFC001DB2C9 /* Base */,
			);
			name = LaunchScreen.storyboard;
			sourceTree = "<group>";
		};
/* End PBXVariantGroup section */

/* Begin XCBuildConfiguration section */
		EF1F0ED6259CAEFC001DB2C9 /* Debug */ = {
			isa = XCBuildConfiguration;
			buildSettings = {
				ALWAYS_SEARCH_USER_PATHS = NO;
				CLANG_ANALYZER_NONNULL = YES;
				CLANG_ANALYZER_NUMBER_OBJECT_CONVERSION = YES_AGGRESSIVE;
				CLANG_CXX_LANGUAGE_STANDARD = "gnu++14";
				CLANG_CXX_LIBRARY = "libc++";
				CLANG_ENABLE_MODULES = YES;
				CLANG_ENABLE_OBJC_ARC = YES;
				CLANG_ENABLE_OBJC_WEAK = YES;
				CLANG_WARN_BLOCK_CAPTURE_AUTORELEASING = YES;
				CLANG_WARN_BOOL_CONVERSION = YES;
				CLANG_WARN_COMMA = YES;
				CLANG_WARN_CONSTANT_CONVERSION = YES;
				CLANG_WARN_DEPRECATED_OBJC_IMPLEMENTATIONS = YES;
				CLANG_WARN_DIRECT_OBJC_ISA_USAGE = YES_ERROR;
				CLANG_WARN_DOCUMENTATION_COMMENTS = YES;
				CLANG_WARN_EMPTY_BODY = YES;
				CLANG_WARN_ENUM_CONVERSION = YES;
				CLANG_WARN_INFINITE_RECURSION = YES;
				CLANG_WARN_INT_CONVERSION = YES;
				CLANG_WARN_NON_LITERAL_NULL_CONVERSION = YES;
				CLANG_WARN_OBJC_IMPLICIT_RETAIN_SELF = YES;
				CLANG_WARN_OBJC_LITERAL_CONVERSION = YES;
				CLANG_WARN_OBJC_ROOT_CLASS = YES_ERROR;
				CLANG_WARN_RANGE_LOOP_ANALYSIS = YES;
				CLANG_WARN_STRICT_PROTOTYPES = YES;
				CLANG_WARN_SUSPICIOUS_MOVE = YES;
				CLANG_WARN_UNGUARDED_AVAILABILITY = YES_AGGRESSIVE;
				CLANG_WARN_UNREACHABLE_CODE = YES;
				CLANG_WARN__DUPLICATE_METHOD_MATCH = YES;
				COPY_PHASE_STRIP = NO;
				DEBUG_INFORMATION_FORMAT = dwarf;
				ENABLE_STRICT_OBJC_MSGSEND = YES;
				ENABLE_TESTABILITY = YES;
				GCC_C_LANGUAGE_STANDARD = gnu11;
				GCC_DYNAMIC_NO_PIC = NO;
				GCC_NO_COMMON_BLOCKS = YES;
				GCC_OPTIMIZATION_LEVEL = 0;
				GCC_PREPROCESSOR_DEFINITIONS = (
					"DEBUG=1",
					"$(inherited)",
				);
				GCC_WARN_64_TO_32_BIT_CONVERSION = YES;
				GCC_WARN_ABOUT_RETURN_TYPE = YES_ERROR;
				GCC_WARN_UNDECLARED_SELECTOR = YES;
				GCC_WARN_UNINITIALIZED_AUTOS = YES_AGGRESSIVE;
				GCC_WARN_UNUSED_FUNCTION = YES;
				GCC_WARN_UNUSED_VARIABLE = YES;
				IPHONEOS_DEPLOYMENT_TARGET = 13.5;
				MTL_ENABLE_DEBUG_INFO = INCLUDE_SOURCE;
				MTL_FAST_MATH = YES;
				ONLY_ACTIVE_ARCH = YES;
				SDKROOT = iphoneos;
				SWIFT_ACTIVE_COMPILATION_CONDITIONS = DEBUG;
				SWIFT_OPTIMIZATION_LEVEL = "-Onone";
			};
			name = Debug;
		};
		EF1F0ED7259CAEFC001DB2C9 /* Release */ = {
			isa = XCBuildConfiguration;
			buildSettings = {
				ALWAYS_SEARCH_USER_PATHS = NO;
				CLANG_ANALYZER_NONNULL = YES;
				CLANG_ANALYZER_NUMBER_OBJECT_CONVERSION = YES_AGGRESSIVE;
				CLANG_CXX_LANGUAGE_STANDARD = "gnu++14";
				CLANG_CXX_LIBRARY = "libc++";
				CLANG_ENABLE_MODULES = YES;
				CLANG_ENABLE_OBJC_ARC = YES;
				CLANG_ENABLE_OBJC_WEAK = YES;
				CLANG_WARN_BLOCK_CAPTURE_AUTORELEASING = YES;
				CLANG_WARN_BOOL_CONVERSION = YES;
				CLANG_WARN_COMMA = YES;
				CLANG_WARN_CONSTANT_CONVERSION = YES;
				CLANG_WARN_DEPRECATED_OBJC_IMPLEMENTATIONS = YES;
				CLANG_WARN_DIRECT_OBJC_ISA_USAGE = YES_ERROR;
				CLANG_WARN_DOCUMENTATION_COMMENTS = YES;
				CLANG_WARN_EMPTY_BODY = YES;
				CLANG_WARN_ENUM_CONVERSION = YES;
				CLANG_WARN_INFINITE_RECURSION = YES;
				CLANG_WARN_INT_CONVERSION = YES;
				CLANG_WARN_NON_LITERAL_NULL_CONVERSION = YES;
				CLANG_WARN_OBJC_IMPLICIT_RETAIN_SELF = YES;
				CLANG_WARN_OBJC_LITERAL_CONVERSION = YES;
				CLANG_WARN_OBJC_ROOT_CLASS = YES_ERROR;
				CLANG_WARN_RANGE_LOOP_ANALYSIS = YES;
				CLANG_WARN_STRICT_PROTOTYPES = YES;
				CLANG_WARN_SUSPICIOUS_MOVE = YES;
				CLANG_WARN_UNGUARDED_AVAILABILITY = YES_AGGRESSIVE;
				CLANG_WARN_UNREACHABLE_CODE = YES;
				CLANG_WARN__DUPLICATE_METHOD_MATCH = YES;
				COPY_PHASE_STRIP = NO;
				DEBUG_INFORMATION_FORMAT = "dwarf-with-dsym";
				ENABLE_NS_ASSERTIONS = NO;
				ENABLE_STRICT_OBJC_MSGSEND = YES;
				GCC_C_LANGUAGE_STANDARD = gnu11;
				GCC_NO_COMMON_BLOCKS = YES;
				GCC_WARN_64_TO_32_BIT_CONVERSION = YES;
				GCC_WARN_ABOUT_RETURN_TYPE = YES_ERROR;
				GCC_WARN_UNDECLARED_SELECTOR = YES;
				GCC_WARN_UNINITIALIZED_AUTOS = YES_AGGRESSIVE;
				GCC_WARN_UNUSED_FUNCTION = YES;
				GCC_WARN_UNUSED_VARIABLE = YES;
				IPHONEOS_DEPLOYMENT_TARGET = 13.5;
				MTL_ENABLE_DEBUG_INFO = NO;
				MTL_FAST_MATH = YES;
				SDKROOT = iphoneos;
				SWIFT_COMPILATION_MODE = wholemodule;
				SWIFT_OPTIMIZATION_LEVEL = "-O";
				VALIDATE_PRODUCT = YES;
			};
			name = Release;
		};
		EF1F0ED9259CAEFC001DB2C9 /* Debug */ = {
			isa = XCBuildConfiguration;
			buildSettings = {
				ASSETCATALOG_COMPILER_APPICON_NAME = AppIcon;
				CODE_SIGN_STYLE = Automatic;
				DEVELOPMENT_ASSET_PATHS = "\"Memorize/Preview Content\"";
				DEVELOPMENT_TEAM = T4JB7Y657U;
				ENABLE_PREVIEWS = YES;
				INFOPLIST_FILE = Memorize/Info.plist;
				LD_RUNPATH_SEARCH_PATHS = (
					"$(inherited)",
					"@executable_path/Frameworks",
				);
				PRODUCT_BUNDLE_IDENTIFIER = com.echodict.Memorize;
				PRODUCT_NAME = "$(TARGET_NAME)";
				SWIFT_VERSION = 5.0;
				TARGETED_DEVICE_FAMILY = "1,2";
			};
			name = Debug;
		};
		EF1F0EDA259CAEFC001DB2C9 /* Release */ = {
			isa = XCBuildConfiguration;
			buildSettings = {
				ASSETCATALOG_COMPILER_APPICON_NAME = AppIcon;
				CODE_SIGN_STYLE = Automatic;
				DEVELOPMENT_ASSET_PATHS = "\"Memorize/Preview Content\"";
				DEVELOPMENT_TEAM = T4JB7Y657U;
				ENABLE_PREVIEWS = YES;
				INFOPLIST_FILE = Memorize/Info.plist;
				LD_RUNPATH_SEARCH_PATHS = (
					"$(inherited)",
					"@executable_path/Frameworks",
				);
				PRODUCT_BUNDLE_IDENTIFIER = com.echodict.Memorize;
				PRODUCT_NAME = "$(TARGET_NAME)";
				SWIFT_VERSION = 5.0;
				TARGETED_DEVICE_FAMILY = "1,2";
			};
			name = Release;
		};
/* End XCBuildConfiguration section */

/* Begin XCConfigurationList section */
		EF1F0EBF259CAEF4001DB2C9 /* Build configuration list for PBXProject "Memorize" */ = {
			isa = XCConfigurationList;
			buildConfigurations = (
				EF1F0ED6259CAEFC001DB2C9 /* Debug */,
				EF1F0ED7259CAEFC001DB2C9 /* Release */,
			);
			defaultConfigurationIsVisible = 0;
			defaultConfigurationName = Release;
		};
		EF1F0ED8259CAEFC001DB2C9 /* Build configuration list for PBXNativeTarget "Memorize" */ = {
			isa = XCConfigurationList;
			buildConfigurations = (
				EF1F0ED9259CAEFC001DB2C9 /* Debug */,
				EF1F0EDA259CAEFC001DB2C9 /* Release */,
			);
			defaultConfigurationIsVisible = 0;
			defaultConfigurationName = Release;
		};
/* End XCConfigurationList section */
	};
	rootObject = EF1F0EBC259CAEF4001DB2C9 /* Project object */;
}
