
Microsoft Visual Studio Solution File, Format Version 12.00
# Visual Studio Version 16
VisualStudioVersion = 16.0.31402.337
MinimumVisualStudioVersion = 10.0.40219.1
Project("{8BC9CEB8-8B4A-11D0-8D11-00A0C91BC942}") = "connectedComponentsWithStats", "connectedComponentsWithStats.vcxproj", "{AD28C64B-EBCE-4C8F-AAA8-32D7B0F8CC9B}"
EndProject
Global
	GlobalSection(SolutionConfigurationPlatforms) = preSolution
		Debug|x64 = Debug|x64
		Debug|x86 = Debug|x86
		Release|x64 = Release|x64
		Release|x86 = Release|x86
	EndGlobalSection
	GlobalSection(ProjectConfigurationPlatforms) = postSolution
		{AD28C64B-EBCE-4C8F-AAA8-32D7B0F8CC9B}.Debug|x64.ActiveCfg = Debug|x64
		{AD28C64B-EBCE-4C8F-AAA8-32D7B0F8CC9B}.Debug|x64.Build.0 = Debug|x64
		{AD28C64B-EBCE-4C8F-AAA8-32D7B0F8CC9B}.Debug|x86.ActiveCfg = Debug|Win32
		{AD28C64B-EBCE-4C8F-AAA8-32D7B0F8CC9B}.Debug|x86.Build.0 = Debug|Win32
		{AD28C64B-EBCE-4C8F-AAA8-32D7B0F8CC9B}.Release|x64.ActiveCfg = Release|x64
		{AD28C64B-EBCE-4C8F-AAA8-32D7B0F8CC9B}.Release|x64.Build.0 = Release|x64
		{AD28C64B-EBCE-4C8F-AAA8-32D7B0F8CC9B}.Release|x86.ActiveCfg = Release|Win32
		{AD28C64B-EBCE-4C8F-AAA8-32D7B0F8CC9B}.Release|x86.Build.0 = Release|Win32
	EndGlobalSection
	GlobalSection(SolutionProperties) = preSolution
		HideSolutionNode = FALSE
	EndGlobalSection
	GlobalSection(ExtensibilityGlobals) = postSolution
		SolutionGuid = {6D0F3F9E-8AF7-4A32-89ED-F0777A717D8D}
	EndGlobalSection
EndGlobal
