
Microsoft Visual Studio Solution File, Format Version 12.00
# Visual Studio Version 16
VisualStudioVersion = 16.0.31402.337
MinimumVisualStudioVersion = 10.0.40219.1
Project("{FAE04EC0-301F-11D3-BF4B-00C04F79EFBC}") = "dangan.Server", "Server\dangan.Server.csproj", "{80046A94-D8AE-4C76-8BC0-08059D2805E6}"
EndProject
Project("{FAE04EC0-301F-11D3-BF4B-00C04F79EFBC}") = "dangan.Client", "Client\dangan.Client.csproj", "{DD38839A-3050-4A22-9A41-31BCADB9015F}"
EndProject
Project("{FAE04EC0-301F-11D3-BF4B-00C04F79EFBC}") = "dangan.Shared", "Shared\dangan.Shared.csproj", "{EACDF76D-CE9F-47F0-94BB-51C0726222F5}"
EndProject
Global
	GlobalSection(SolutionConfigurationPlatforms) = preSolution
		Debug|Any CPU = Debug|Any CPU
		Release|Any CPU = Release|Any CPU
	EndGlobalSection
	GlobalSection(ProjectConfigurationPlatforms) = postSolution
		{80046A94-D8AE-4C76-8BC0-08059D2805E6}.Debug|Any CPU.ActiveCfg = Debug|Any CPU
		{80046A94-D8AE-4C76-8BC0-08059D2805E6}.Debug|Any CPU.Build.0 = Debug|Any CPU
		{80046A94-D8AE-4C76-8BC0-08059D2805E6}.Release|Any CPU.ActiveCfg = Release|Any CPU
		{80046A94-D8AE-4C76-8BC0-08059D2805E6}.Release|Any CPU.Build.0 = Release|Any CPU
		{DD38839A-3050-4A22-9A41-31BCADB9015F}.Debug|Any CPU.ActiveCfg = Debug|Any CPU
		{DD38839A-3050-4A22-9A41-31BCADB9015F}.Debug|Any CPU.Build.0 = Debug|Any CPU
		{DD38839A-3050-4A22-9A41-31BCADB9015F}.Release|Any CPU.ActiveCfg = Release|Any CPU
		{DD38839A-3050-4A22-9A41-31BCADB9015F}.Release|Any CPU.Build.0 = Release|Any CPU
		{EACDF76D-CE9F-47F0-94BB-51C0726222F5}.Debug|Any CPU.ActiveCfg = Debug|Any CPU
		{EACDF76D-CE9F-47F0-94BB-51C0726222F5}.Debug|Any CPU.Build.0 = Debug|Any CPU
		{EACDF76D-CE9F-47F0-94BB-51C0726222F5}.Release|Any CPU.ActiveCfg = Release|Any CPU
		{EACDF76D-CE9F-47F0-94BB-51C0726222F5}.Release|Any CPU.Build.0 = Release|Any CPU
	EndGlobalSection
	GlobalSection(SolutionProperties) = preSolution
		HideSolutionNode = FALSE
	EndGlobalSection
	GlobalSection(ExtensibilityGlobals) = postSolution
		SolutionGuid = {EBBC4CBC-D463-4057-97E6-9BA3680A7B74}
	EndGlobalSection
EndGlobal
