
Microsoft Visual Studio Solution File, Format Version 12.00
# Visual Studio Version 16
VisualStudioVersion = 16.0.31402.337
MinimumVisualStudioVersion = 10.0.40219.1
Project("{9A19103F-16F7-4668-BE54-9A1E7A4F7556}") = "dangan.Server", "Server\dangan.Server.csproj", "{DD9D2A7B-1D27-4AC4-98EC-ECD6E9311E17}"
EndProject
Project("{9A19103F-16F7-4668-BE54-9A1E7A4F7556}") = "dangan.Client", "Client\dangan.Client.csproj", "{C1F70572-AE8D-4BD9-92D2-5C9B6056A30E}"
EndProject
Project("{9A19103F-16F7-4668-BE54-9A1E7A4F7556}") = "dangan.Shared", "Shared\dangan.Shared.csproj", "{45F80CA2-ADA6-43B6-9D0A-43022885BE95}"
EndProject
Global
	GlobalSection(SolutionConfigurationPlatforms) = preSolution
		Debug|Any CPU = Debug|Any CPU
		Release|Any CPU = Release|Any CPU
	EndGlobalSection
	GlobalSection(ProjectConfigurationPlatforms) = postSolution
		{DD9D2A7B-1D27-4AC4-98EC-ECD6E9311E17}.Debug|Any CPU.ActiveCfg = Debug|Any CPU
		{DD9D2A7B-1D27-4AC4-98EC-ECD6E9311E17}.Debug|Any CPU.Build.0 = Debug|Any CPU
		{DD9D2A7B-1D27-4AC4-98EC-ECD6E9311E17}.Release|Any CPU.ActiveCfg = Release|Any CPU
		{DD9D2A7B-1D27-4AC4-98EC-ECD6E9311E17}.Release|Any CPU.Build.0 = Release|Any CPU
		{C1F70572-AE8D-4BD9-92D2-5C9B6056A30E}.Debug|Any CPU.ActiveCfg = Debug|Any CPU
		{C1F70572-AE8D-4BD9-92D2-5C9B6056A30E}.Debug|Any CPU.Build.0 = Debug|Any CPU
		{C1F70572-AE8D-4BD9-92D2-5C9B6056A30E}.Release|Any CPU.ActiveCfg = Release|Any CPU
		{C1F70572-AE8D-4BD9-92D2-5C9B6056A30E}.Release|Any CPU.Build.0 = Release|Any CPU
		{45F80CA2-ADA6-43B6-9D0A-43022885BE95}.Debug|Any CPU.ActiveCfg = Debug|Any CPU
		{45F80CA2-ADA6-43B6-9D0A-43022885BE95}.Debug|Any CPU.Build.0 = Debug|Any CPU
		{45F80CA2-ADA6-43B6-9D0A-43022885BE95}.Release|Any CPU.ActiveCfg = Release|Any CPU
		{45F80CA2-ADA6-43B6-9D0A-43022885BE95}.Release|Any CPU.Build.0 = Release|Any CPU
	EndGlobalSection
	GlobalSection(SolutionProperties) = preSolution
		HideSolutionNode = FALSE
	EndGlobalSection
	GlobalSection(ExtensibilityGlobals) = postSolution
		SolutionGuid = {B9E6B85E-9FDD-427F-B3B1-230DF6EEF8CA}
	EndGlobalSection
EndGlobal
